
Microsoft Visual Studio Solution File, Format Version 12.00
# Visual Studio Version 17
VisualStudioVersion = 17.4.33213.308
MinimumVisualStudioVersion = 10.0.40219.1
Project("{9A19103F-16F7-4668-BE54-9A1E7A4F7556}") = "CodeUI.API", "CodeUI.API\CodeUI.API.csproj", "{F1A2B9B5-3774-4711-8076-4933213DBCD1}"
EndProject
Project("{9A19103F-16F7-4668-BE54-9A1E7A4F7556}") = "CodeUI.Service", "CodeUI.Service\CodeUI.Service.csproj", "{0C7BD2F5-0A59-45BE-A2FB-3A75D4FAE81E}"
EndProject
Project("{9A19103F-16F7-4668-BE54-9A1E7A4F7556}") = "CodeUI.Data", "CodeUI.Data\CodeUI.Data.csproj", "{16932F91-417F-4E3A-B04B-F1B97162B131}"
EndProject
Global
	GlobalSection(SolutionConfigurationPlatforms) = preSolution
		Debug|Any CPU = Debug|Any CPU
		Release|Any CPU = Release|Any CPU
	EndGlobalSection
	GlobalSection(ProjectConfigurationPlatforms) = postSolution
		{F1A2B9B5-3774-4711-8076-4933213DBCD1}.Debug|Any CPU.ActiveCfg = Debug|Any CPU
		{F1A2B9B5-3774-4711-8076-4933213DBCD1}.Debug|Any CPU.Build.0 = Debug|Any CPU
		{F1A2B9B5-3774-4711-8076-4933213DBCD1}.Release|Any CPU.ActiveCfg = Release|Any CPU
		{F1A2B9B5-3774-4711-8076-4933213DBCD1}.Release|Any CPU.Build.0 = Release|Any CPU
		{0C7BD2F5-0A59-45BE-A2FB-3A75D4FAE81E}.Debug|Any CPU.ActiveCfg = Debug|Any CPU
		{0C7BD2F5-0A59-45BE-A2FB-3A75D4FAE81E}.Debug|Any CPU.Build.0 = Debug|Any CPU
		{0C7BD2F5-0A59-45BE-A2FB-3A75D4FAE81E}.Release|Any CPU.ActiveCfg = Release|Any CPU
		{0C7BD2F5-0A59-45BE-A2FB-3A75D4FAE81E}.Release|Any CPU.Build.0 = Release|Any CPU
		{16932F91-417F-4E3A-B04B-F1B97162B131}.Debug|Any CPU.ActiveCfg = Debug|Any CPU
		{16932F91-417F-4E3A-B04B-F1B97162B131}.Debug|Any CPU.Build.0 = Debug|Any CPU
		{16932F91-417F-4E3A-B04B-F1B97162B131}.Release|Any CPU.ActiveCfg = Release|Any CPU
		{16932F91-417F-4E3A-B04B-F1B97162B131}.Release|Any CPU.Build.0 = Release|Any CPU
	EndGlobalSection
	GlobalSection(SolutionProperties) = preSolution
		HideSolutionNode = FALSE
	EndGlobalSection
	GlobalSection(ExtensibilityGlobals) = postSolution
		SolutionGuid = {3B0F71D6-0819-4B37-9E6C-FF83533E5CC7}
	EndGlobalSection
EndGlobal
